
Microsoft Visual Studio Solution File, Format Version 12.00
# Visual Studio Version 16
VisualStudioVersion = 16.0.30907.101
MinimumVisualStudioVersion = 10.0.40219.1
Project("{FAE04EC0-301F-11D3-BF4B-00C04F79EFBC}") = "ConferenceSchedule", "ConferenceSchedule\ConferenceSchedule.csproj", "{3269401B-E453-43C3-B462-EAFAAC1A69A0}"
EndProject
Global
	GlobalSection(SolutionConfigurationPlatforms) = preSolution
		Debug|Any CPU = Debug|Any CPU
		Release|Any CPU = Release|Any CPU
	EndGlobalSection
	GlobalSection(ProjectConfigurationPlatforms) = postSolution
		{3269401B-E453-43C3-B462-EAFAAC1A69A0}.Debug|Any CPU.ActiveCfg = Debug|Any CPU
		{3269401B-E453-43C3-B462-EAFAAC1A69A0}.Debug|Any CPU.Build.0 = Debug|Any CPU
		{3269401B-E453-43C3-B462-EAFAAC1A69A0}.Release|Any CPU.ActiveCfg = Release|Any CPU
		{3269401B-E453-43C3-B462-EAFAAC1A69A0}.Release|Any CPU.Build.0 = Release|Any CPU
	EndGlobalSection
	GlobalSection(SolutionProperties) = preSolution
		HideSolutionNode = FALSE
	EndGlobalSection
	GlobalSection(ExtensibilityGlobals) = postSolution
		SolutionGuid = {CCEC9631-4870-4BD0-81DD-518D39DB3E97}
	EndGlobalSection
EndGlobal
